
Microsoft Visual Studio Solution File, Format Version 12.00
# Visual Studio Version 17
VisualStudioVersion = 17.0.31919.166
MinimumVisualStudioVersion = 10.0.40219.1
Project("{9A19103F-16F7-4668-BE54-9A1E7A4F7556}") = "DotNetClassLibCodingTask", "DotNetClassLibCodingTask\DotNetClassLibCodingTask.csproj", "{B8B650F2-22F9-4E9A-B33F-BDE46631709A}"
EndProject
Project("{FAE04EC0-301F-11D3-BF4B-00C04F79EFBC}") = "DotNetTests", "DotNetTests\DotNetTests.csproj", "{8C28FF06-CD4E-4B5F-A79B-1BB807E188BF}"
EndProject
Global
	GlobalSection(SolutionConfigurationPlatforms) = preSolution
		Debug|Any CPU = Debug|Any CPU
		Release|Any CPU = Release|Any CPU
	EndGlobalSection
	GlobalSection(ProjectConfigurationPlatforms) = postSolution
		{B8B650F2-22F9-4E9A-B33F-BDE46631709A}.Debug|Any CPU.ActiveCfg = Debug|Any CPU
		{B8B650F2-22F9-4E9A-B33F-BDE46631709A}.Debug|Any CPU.Build.0 = Debug|Any CPU
		{B8B650F2-22F9-4E9A-B33F-BDE46631709A}.Release|Any CPU.ActiveCfg = Release|Any CPU
		{B8B650F2-22F9-4E9A-B33F-BDE46631709A}.Release|Any CPU.Build.0 = Release|Any CPU
		{8C28FF06-CD4E-4B5F-A79B-1BB807E188BF}.Debug|Any CPU.ActiveCfg = Debug|Any CPU
		{8C28FF06-CD4E-4B5F-A79B-1BB807E188BF}.Debug|Any CPU.Build.0 = Debug|Any CPU
		{8C28FF06-CD4E-4B5F-A79B-1BB807E188BF}.Release|Any CPU.ActiveCfg = Release|Any CPU
		{8C28FF06-CD4E-4B5F-A79B-1BB807E188BF}.Release|Any CPU.Build.0 = Release|Any CPU
	EndGlobalSection
	GlobalSection(SolutionProperties) = preSolution
		HideSolutionNode = FALSE
	EndGlobalSection
	GlobalSection(ExtensibilityGlobals) = postSolution
		SolutionGuid = {98CFF04A-12D8-45E1-9680-3A397AB8A90D}
	EndGlobalSection
EndGlobal
